
Microsoft Visual Studio Solution File, Format Version 12.00
# Visual Studio Version 16
VisualStudioVersion = 16.0.31624.102
MinimumVisualStudioVersion = 10.0.40219.1
Project("{8BC9CEB8-8B4A-11D0-8D11-00A0C91BC942}") = "strutil.h", "strutil.h.vcxproj", "{DAAF0038-B35B-4A14-B614-F91F7FCFE918}"
EndProject
Global
	GlobalSection(SolutionConfigurationPlatforms) = preSolution
		Debug|x64 = Debug|x64
		Debug|x86 = Debug|x86
		Release|x64 = Release|x64
		Release|x86 = Release|x86
	EndGlobalSection
	GlobalSection(ProjectConfigurationPlatforms) = postSolution
		{DAAF0038-B35B-4A14-B614-F91F7FCFE918}.Debug|x64.ActiveCfg = Debug|x64
		{DAAF0038-B35B-4A14-B614-F91F7FCFE918}.Debug|x64.Build.0 = Debug|x64
		{DAAF0038-B35B-4A14-B614-F91F7FCFE918}.Debug|x86.ActiveCfg = Debug|Win32
		{DAAF0038-B35B-4A14-B614-F91F7FCFE918}.Debug|x86.Build.0 = Debug|Win32
		{DAAF0038-B35B-4A14-B614-F91F7FCFE918}.Release|x64.ActiveCfg = Release|x64
		{DAAF0038-B35B-4A14-B614-F91F7FCFE918}.Release|x64.Build.0 = Release|x64
		{DAAF0038-B35B-4A14-B614-F91F7FCFE918}.Release|x86.ActiveCfg = Release|Win32
		{DAAF0038-B35B-4A14-B614-F91F7FCFE918}.Release|x86.Build.0 = Release|Win32
	EndGlobalSection
	GlobalSection(SolutionProperties) = preSolution
		HideSolutionNode = FALSE
	EndGlobalSection
	GlobalSection(ExtensibilityGlobals) = postSolution
		SolutionGuid = {C8471B4F-AECF-4887-99AF-325A3A71A5CC}
	EndGlobalSection
EndGlobal
